
Microsoft Visual Studio Solution File, Format Version 12.00
# Visual Studio Version 16
VisualStudioVersion = 16.0.30104.148
MinimumVisualStudioVersion = 10.0.40219.1
Project("{FAE04EC0-301F-11D3-BF4B-00C04F79EFBC}") = "MovieStateManagement", "MovieStateManagement\MovieStateManagement.csproj", "{5D45A351-93FC-4200-8383-5F8D88580587}"
EndProject
Global
	GlobalSection(SolutionConfigurationPlatforms) = preSolution
		Debug|Any CPU = Debug|Any CPU
		Release|Any CPU = Release|Any CPU
	EndGlobalSection
	GlobalSection(ProjectConfigurationPlatforms) = postSolution
		{5D45A351-93FC-4200-8383-5F8D88580587}.Debug|Any CPU.ActiveCfg = Debug|Any CPU
		{5D45A351-93FC-4200-8383-5F8D88580587}.Debug|Any CPU.Build.0 = Debug|Any CPU
		{5D45A351-93FC-4200-8383-5F8D88580587}.Release|Any CPU.ActiveCfg = Release|Any CPU
		{5D45A351-93FC-4200-8383-5F8D88580587}.Release|Any CPU.Build.0 = Release|Any CPU
	EndGlobalSection
	GlobalSection(SolutionProperties) = preSolution
		HideSolutionNode = FALSE
	EndGlobalSection
	GlobalSection(ExtensibilityGlobals) = postSolution
		SolutionGuid = {5B8C4F8D-A9C4-4826-B0D9-1C65E88FF9B1}
	EndGlobalSection
EndGlobal
